// !$*UTF8*$!
{
	archiveVersion = 1;
	classes = {
	};
	objectVersion = 46;
	objects = {

/* Begin PBXBuildFile section */
		46A7DA1EC139EED83C27BC43 /* libPods-WYNetWorkDemoTests.a in Frameworks */ = {isa = PBXBuildFile; fileRef = 9C3D425BDDBCC4F45D2065BE /* libPods-WYNetWorkDemoTests.a */; };
		6F350AACE61B5A376087E0DA /* libPods-WYNetWorkDemoUITests.a in Frameworks */ = {isa = PBXBuildFile; fileRef = 962FB279DA91E515F34FCE03 /* libPods-WYNetWorkDemoUITests.a */; };
		BA46F4CA1E5AE0430083EAAB /* WYDownLoadManager.m in Sources */ = {isa = PBXBuildFile; fileRef = BA46F4C91E5AE0430083EAAB /* WYDownLoadManager.m */; };
		BA46F4CE1E5AE4950083EAAB /* WYTestRequest.m in Sources */ = {isa = PBXBuildFile; fileRef = BA46F4CD1E5AE4950083EAAB /* WYTestRequest.m */; };
		BA63B6A61E67FC6600EBE4D5 /* WYPublicTableViewController.m in Sources */ = {isa = PBXBuildFile; fileRef = BA63B69B1E67FC6600EBE4D5 /* WYPublicTableViewController.m */; };
		BA63B6ED1E68020300EBE4D5 /* WYPublicStatusCell.m in Sources */ = {isa = PBXBuildFile; fileRef = BA63B6EC1E68020300EBE4D5 /* WYPublicStatusCell.m */; };
		BA63B6F31E68036000EBE4D5 /* WYPublicStatusModel.m in Sources */ = {isa = PBXBuildFile; fileRef = BA63B6F21E68036000EBE4D5 /* WYPublicStatusModel.m */; };
		BA63B6F91E68174900EBE4D5 /* WYPublicRequest.m in Sources */ = {isa = PBXBuildFile; fileRef = BA63B6F81E68174900EBE4D5 /* WYPublicRequest.m */; };
		BA63B6FE1E69145100EBE4D5 /* WYPublicWeiboViewModel.m in Sources */ = {isa = PBXBuildFile; fileRef = BA63B6FD1E69145100EBE4D5 /* WYPublicWeiboViewModel.m */; };
		BA63B7011E69160700EBE4D5 /* WYBaseViewModel.m in Sources */ = {isa = PBXBuildFile; fileRef = BA63B7001E69160700EBE4D5 /* WYBaseViewModel.m */; };
		BAE0B0031E56C18E005969F7 /* main.m in Sources */ = {isa = PBXBuildFile; fileRef = BAE0B0021E56C18E005969F7 /* main.m */; };
		BAE0B0061E56C18E005969F7 /* AppDelegate.m in Sources */ = {isa = PBXBuildFile; fileRef = BAE0B0051E56C18E005969F7 /* AppDelegate.m */; };
		BAE0B0091E56C18E005969F7 /* WYViewController.m in Sources */ = {isa = PBXBuildFile; fileRef = BAE0B0081E56C18E005969F7 /* WYViewController.m */; };
		BAE0B00E1E56C18F005969F7 /* Assets.xcassets in Resources */ = {isa = PBXBuildFile; fileRef = BAE0B00D1E56C18F005969F7 /* Assets.xcassets */; };
		BAE0B0111E56C18F005969F7 /* LaunchScreen.storyboard in Resources */ = {isa = PBXBuildFile; fileRef = BAE0B00F1E56C18F005969F7 /* LaunchScreen.storyboard */; };
		BAE0B01C1E56C18F005969F7 /* WYNetWorkDemoTests.m in Sources */ = {isa = PBXBuildFile; fileRef = BAE0B01B1E56C18F005969F7 /* WYNetWorkDemoTests.m */; };
		BAE0B0271E56C18F005969F7 /* WYNetWorkDemoUITests.m in Sources */ = {isa = PBXBuildFile; fileRef = BAE0B0261E56C18F005969F7 /* WYNetWorkDemoUITests.m */; };
		BAE0B0401E56D167005969F7 /* WYBaseRequest.m in Sources */ = {isa = PBXBuildFile; fileRef = BAE0B0361E56D167005969F7 /* WYBaseRequest.m */; };
		BAE0B0411E56D167005969F7 /* WYHttpConnection.m in Sources */ = {isa = PBXBuildFile; fileRef = BAE0B0381E56D167005969F7 /* WYHttpConnection.m */; };
		BAE0B0421E56D167005969F7 /* WYNetworkConfig.m in Sources */ = {isa = PBXBuildFile; fileRef = BAE0B03B1E56D167005969F7 /* WYNetworkConfig.m */; };
		BAE0B0431E56D167005969F7 /* WYNetworkManager.m in Sources */ = {isa = PBXBuildFile; fileRef = BAE0B03D1E56D167005969F7 /* WYNetworkManager.m */; };
		BAE0B0441E56D167005969F7 /* WYRequestHeadTool.m in Sources */ = {isa = PBXBuildFile; fileRef = BAE0B03F1E56D167005969F7 /* WYRequestHeadTool.m */; };
		BAE552221E6EAE0700501C50 /* WYPublicDetailViewController.m in Sources */ = {isa = PBXBuildFile; fileRef = BAE552211E6EAE0700501C50 /* WYPublicDetailViewController.m */; };
		BAE5522A1E6EBD3200501C50 /* hello.png in Resources */ = {isa = PBXBuildFile; fileRef = BAE552281E6EBD3200501C50 /* hello.png */; };
		BAE5522B1E6EBD3200501C50 /* homeBusiness.geojson in Resources */ = {isa = PBXBuildFile; fileRef = BAE552291E6EBD3200501C50 /* homeBusiness.geojson */; };
		BAE5522E1E6EBD7900501C50 /* NSString+Extension.m in Sources */ = {isa = PBXBuildFile; fileRef = BAE5522D1E6EBD7900501C50 /* NSString+Extension.m */; };
		C3472D8A59DCF8CB2E3EB561 /* libPods-WYNetWorkDemo.a in Frameworks */ = {isa = PBXBuildFile; fileRef = 1D9DD6B3FA2E159497DEE832 /* libPods-WYNetWorkDemo.a */; };
/* End PBXBuildFile section */

/* Begin PBXContainerItemProxy section */
		BAE0B0181E56C18F005969F7 /* PBXContainerItemProxy */ = {
			isa = PBXContainerItemProxy;
			containerPortal = BAE0AFF61E56C18E005969F7 /* Project object */;
			proxyType = 1;
			remoteGlobalIDString = BAE0AFFD1E56C18E005969F7;
			remoteInfo = WYNetWorkDemo;
		};
		BAE0B0231E56C18F005969F7 /* PBXContainerItemProxy */ = {
			isa = PBXContainerItemProxy;
			containerPortal = BAE0AFF61E56C18E005969F7 /* Project object */;
			proxyType = 1;
			remoteGlobalIDString = BAE0AFFD1E56C18E005969F7;
			remoteInfo = WYNetWorkDemo;
		};
/* End PBXContainerItemProxy section */

/* Begin PBXFileReference section */
		1D9DD6B3FA2E159497DEE832 /* libPods-WYNetWorkDemo.a */ = {isa = PBXFileReference; explicitFileType = archive.ar; includeInIndex = 0; path = "libPods-WYNetWorkDemo.a"; sourceTree = BUILT_PRODUCTS_DIR; };
		450CFC8DB86873267E839F49 /* Pods-WYNetWorkDemoTests.release.xcconfig */ = {isa = PBXFileReference; includeInIndex = 1; lastKnownFileType = text.xcconfig; name = "Pods-WYNetWorkDemoTests.release.xcconfig"; path = "Pods/Target Support Files/Pods-WYNetWorkDemoTests/Pods-WYNetWorkDemoTests.release.xcconfig"; sourceTree = "<group>"; };
		794CB3C3CA3DC837C873904F /* Pods-WYNetWorkDemo.release.xcconfig */ = {isa = PBXFileReference; includeInIndex = 1; lastKnownFileType = text.xcconfig; name = "Pods-WYNetWorkDemo.release.xcconfig"; path = "Pods/Target Support Files/Pods-WYNetWorkDemo/Pods-WYNetWorkDemo.release.xcconfig"; sourceTree = "<group>"; };
		8D0D278C5C5ADF0F39F3F35B /* Pods-WYNetWorkDemoTests.debug.xcconfig */ = {isa = PBXFileReference; includeInIndex = 1; lastKnownFileType = text.xcconfig; name = "Pods-WYNetWorkDemoTests.debug.xcconfig"; path = "Pods/Target Support Files/Pods-WYNetWorkDemoTests/Pods-WYNetWorkDemoTests.debug.xcconfig"; sourceTree = "<group>"; };
		962FB279DA91E515F34FCE03 /* libPods-WYNetWorkDemoUITests.a */ = {isa = PBXFileReference; explicitFileType = archive.ar; includeInIndex = 0; path = "libPods-WYNetWorkDemoUITests.a"; sourceTree = BUILT_PRODUCTS_DIR; };
		9C3D425BDDBCC4F45D2065BE /* libPods-WYNetWorkDemoTests.a */ = {isa = PBXFileReference; explicitFileType = archive.ar; includeInIndex = 0; path = "libPods-WYNetWorkDemoTests.a"; sourceTree = BUILT_PRODUCTS_DIR; };
		B0FCC3E8D40700E8DCEBACAB /* Pods-WYNetWorkDemoUITests.release.xcconfig */ = {isa = PBXFileReference; includeInIndex = 1; lastKnownFileType = text.xcconfig; name = "Pods-WYNetWorkDemoUITests.release.xcconfig"; path = "Pods/Target Support Files/Pods-WYNetWorkDemoUITests/Pods-WYNetWorkDemoUITests.release.xcconfig"; sourceTree = "<group>"; };
		BA46F4C81E5AE0430083EAAB /* WYDownLoadManager.h */ = {isa = PBXFileReference; fileEncoding = 4; lastKnownFileType = sourcecode.c.h; path = WYDownLoadManager.h; sourceTree = "<group>"; };
		BA46F4C91E5AE0430083EAAB /* WYDownLoadManager.m */ = {isa = PBXFileReference; fileEncoding = 4; lastKnownFileType = sourcecode.c.objc; path = WYDownLoadManager.m; sourceTree = "<group>"; };
		BA46F4CC1E5AE4950083EAAB /* WYTestRequest.h */ = {isa = PBXFileReference; fileEncoding = 4; lastKnownFileType = sourcecode.c.h; path = WYTestRequest.h; sourceTree = "<group>"; };
		BA46F4CD1E5AE4950083EAAB /* WYTestRequest.m */ = {isa = PBXFileReference; fileEncoding = 4; lastKnownFileType = sourcecode.c.objc; path = WYTestRequest.m; sourceTree = "<group>"; };
		BA63B69A1E67FC6600EBE4D5 /* WYPublicTableViewController.h */ = {isa = PBXFileReference; fileEncoding = 4; lastKnownFileType = sourcecode.c.h; path = WYPublicTableViewController.h; sourceTree = "<group>"; };
		BA63B69B1E67FC6600EBE4D5 /* WYPublicTableViewController.m */ = {isa = PBXFileReference; fileEncoding = 4; lastKnownFileType = sourcecode.c.objc; path = WYPublicTableViewController.m; sourceTree = "<group>"; };
		BA63B6EB1E68020300EBE4D5 /* WYPublicStatusCell.h */ = {isa = PBXFileReference; fileEncoding = 4; lastKnownFileType = sourcecode.c.h; path = WYPublicStatusCell.h; sourceTree = "<group>"; };
		BA63B6EC1E68020300EBE4D5 /* WYPublicStatusCell.m */ = {isa = PBXFileReference; fileEncoding = 4; lastKnownFileType = sourcecode.c.objc; path = WYPublicStatusCell.m; sourceTree = "<group>"; };
		BA63B6F11E68036000EBE4D5 /* WYPublicStatusModel.h */ = {isa = PBXFileReference; fileEncoding = 4; lastKnownFileType = sourcecode.c.h; path = WYPublicStatusModel.h; sourceTree = "<group>"; };
		BA63B6F21E68036000EBE4D5 /* WYPublicStatusModel.m */ = {isa = PBXFileReference; fileEncoding = 4; lastKnownFileType = sourcecode.c.objc; path = WYPublicStatusModel.m; sourceTree = "<group>"; };
		BA63B6F71E68174900EBE4D5 /* WYPublicRequest.h */ = {isa = PBXFileReference; fileEncoding = 4; lastKnownFileType = sourcecode.c.h; path = WYPublicRequest.h; sourceTree = "<group>"; };
		BA63B6F81E68174900EBE4D5 /* WYPublicRequest.m */ = {isa = PBXFileReference; fileEncoding = 4; lastKnownFileType = sourcecode.c.objc; path = WYPublicRequest.m; sourceTree = "<group>"; };
		BA63B6FC1E69145100EBE4D5 /* WYPublicWeiboViewModel.h */ = {isa = PBXFileReference; fileEncoding = 4; lastKnownFileType = sourcecode.c.h; path = WYPublicWeiboViewModel.h; sourceTree = "<group>"; };
		BA63B6FD1E69145100EBE4D5 /* WYPublicWeiboViewModel.m */ = {isa = PBXFileReference; fileEncoding = 4; lastKnownFileType = sourcecode.c.objc; path = WYPublicWeiboViewModel.m; sourceTree = "<group>"; };
		BA63B6FF1E69160700EBE4D5 /* WYBaseViewModel.h */ = {isa = PBXFileReference; fileEncoding = 4; lastKnownFileType = sourcecode.c.h; path = WYBaseViewModel.h; sourceTree = "<group>"; };
		BA63B7001E69160700EBE4D5 /* WYBaseViewModel.m */ = {isa = PBXFileReference; fileEncoding = 4; lastKnownFileType = sourcecode.c.objc; path = WYBaseViewModel.m; sourceTree = "<group>"; };
		BAE0AFFE1E56C18E005969F7 /* WYNetWorkDemo.app */ = {isa = PBXFileReference; explicitFileType = wrapper.application; includeInIndex = 0; path = WYNetWorkDemo.app; sourceTree = BUILT_PRODUCTS_DIR; };
		BAE0B0021E56C18E005969F7 /* main.m */ = {isa = PBXFileReference; lastKnownFileType = sourcecode.c.objc; path = main.m; sourceTree = "<group>"; };
		BAE0B0041E56C18E005969F7 /* AppDelegate.h */ = {isa = PBXFileReference; lastKnownFileType = sourcecode.c.h; path = AppDelegate.h; sourceTree = "<group>"; };
		BAE0B0051E56C18E005969F7 /* AppDelegate.m */ = {isa = PBXFileReference; lastKnownFileType = sourcecode.c.objc; path = AppDelegate.m; sourceTree = "<group>"; };
		BAE0B0071E56C18E005969F7 /* WYViewController.h */ = {isa = PBXFileReference; lastKnownFileType = sourcecode.c.h; path = WYViewController.h; sourceTree = "<group>"; };
		BAE0B0081E56C18E005969F7 /* WYViewController.m */ = {isa = PBXFileReference; lastKnownFileType = sourcecode.c.objc; path = WYViewController.m; sourceTree = "<group>"; };
		BAE0B00D1E56C18F005969F7 /* Assets.xcassets */ = {isa = PBXFileReference; lastKnownFileType = folder.assetcatalog; path = Assets.xcassets; sourceTree = "<group>"; };
		BAE0B0101E56C18F005969F7 /* Base */ = {isa = PBXFileReference; lastKnownFileType = file.storyboard; name = Base; path = Base.lproj/LaunchScreen.storyboard; sourceTree = "<group>"; };
		BAE0B0121E56C18F005969F7 /* Info.plist */ = {isa = PBXFileReference; lastKnownFileType = text.plist.xml; path = Info.plist; sourceTree = "<group>"; };
		BAE0B0171E56C18F005969F7 /* WYNetWorkDemoTests.xctest */ = {isa = PBXFileReference; explicitFileType = wrapper.cfbundle; includeInIndex = 0; path = WYNetWorkDemoTests.xctest; sourceTree = BUILT_PRODUCTS_DIR; };
		BAE0B01B1E56C18F005969F7 /* WYNetWorkDemoTests.m */ = {isa = PBXFileReference; lastKnownFileType = sourcecode.c.objc; path = WYNetWorkDemoTests.m; sourceTree = "<group>"; };
		BAE0B01D1E56C18F005969F7 /* Info.plist */ = {isa = PBXFileReference; lastKnownFileType = text.plist.xml; path = Info.plist; sourceTree = "<group>"; };
		BAE0B0221E56C18F005969F7 /* WYNetWorkDemoUITests.xctest */ = {isa = PBXFileReference; explicitFileType = wrapper.cfbundle; includeInIndex = 0; path = WYNetWorkDemoUITests.xctest; sourceTree = BUILT_PRODUCTS_DIR; };
		BAE0B0261E56C18F005969F7 /* WYNetWorkDemoUITests.m */ = {isa = PBXFileReference; lastKnownFileType = sourcecode.c.objc; path = WYNetWorkDemoUITests.m; sourceTree = "<group>"; };
		BAE0B0281E56C18F005969F7 /* Info.plist */ = {isa = PBXFileReference; lastKnownFileType = text.plist.xml; path = Info.plist; sourceTree = "<group>"; };
		BAE0B0351E56D167005969F7 /* WYBaseRequest.h */ = {isa = PBXFileReference; fileEncoding = 4; lastKnownFileType = sourcecode.c.h; path = WYBaseRequest.h; sourceTree = "<group>"; };
		BAE0B0361E56D167005969F7 /* WYBaseRequest.m */ = {isa = PBXFileReference; fileEncoding = 4; lastKnownFileType = sourcecode.c.objc; path = WYBaseRequest.m; sourceTree = "<group>"; };
		BAE0B0371E56D167005969F7 /* WYHttpConnection.h */ = {isa = PBXFileReference; fileEncoding = 4; lastKnownFileType = sourcecode.c.h; path = WYHttpConnection.h; sourceTree = "<group>"; };
		BAE0B0381E56D167005969F7 /* WYHttpConnection.m */ = {isa = PBXFileReference; fileEncoding = 4; lastKnownFileType = sourcecode.c.objc; path = WYHttpConnection.m; sourceTree = "<group>"; };
		BAE0B0391E56D167005969F7 /* WYNetwork.h */ = {isa = PBXFileReference; fileEncoding = 4; lastKnownFileType = sourcecode.c.h; path = WYNetwork.h; sourceTree = "<group>"; };
		BAE0B03A1E56D167005969F7 /* WYNetworkConfig.h */ = {isa = PBXFileReference; fileEncoding = 4; lastKnownFileType = sourcecode.c.h; path = WYNetworkConfig.h; sourceTree = "<group>"; };
		BAE0B03B1E56D167005969F7 /* WYNetworkConfig.m */ = {isa = PBXFileReference; fileEncoding = 4; lastKnownFileType = sourcecode.c.objc; path = WYNetworkConfig.m; sourceTree = "<group>"; };
		BAE0B03C1E56D167005969F7 /* WYNetworkManager.h */ = {isa = PBXFileReference; fileEncoding = 4; lastKnownFileType = sourcecode.c.h; path = WYNetworkManager.h; sourceTree = "<group>"; };
		BAE0B03D1E56D167005969F7 /* WYNetworkManager.m */ = {isa = PBXFileReference; fileEncoding = 4; lastKnownFileType = sourcecode.c.objc; path = WYNetworkManager.m; sourceTree = "<group>"; };
		BAE0B03E1E56D167005969F7 /* WYRequestHeadTool.h */ = {isa = PBXFileReference; fileEncoding = 4; lastKnownFileType = sourcecode.c.h; path = WYRequestHeadTool.h; sourceTree = "<group>"; };
		BAE0B03F1E56D167005969F7 /* WYRequestHeadTool.m */ = {isa = PBXFileReference; fileEncoding = 4; lastKnownFileType = sourcecode.c.objc; path = WYRequestHeadTool.m; sourceTree = "<group>"; };
		BAE552201E6EAE0700501C50 /* WYPublicDetailViewController.h */ = {isa = PBXFileReference; fileEncoding = 4; lastKnownFileType = sourcecode.c.h; path = WYPublicDetailViewController.h; sourceTree = "<group>"; };
		BAE552211E6EAE0700501C50 /* WYPublicDetailViewController.m */ = {isa = PBXFileReference; fileEncoding = 4; lastKnownFileType = sourcecode.c.objc; path = WYPublicDetailViewController.m; sourceTree = "<group>"; };
		BAE552271E6EBD3200501C50 /* Config.h */ = {isa = PBXFileReference; fileEncoding = 4; lastKnownFileType = sourcecode.c.h; path = Config.h; sourceTree = "<group>"; };
		BAE552281E6EBD3200501C50 /* hello.png */ = {isa = PBXFileReference; lastKnownFileType = image.png; path = hello.png; sourceTree = "<group>"; };
		BAE552291E6EBD3200501C50 /* homeBusiness.geojson */ = {isa = PBXFileReference; fileEncoding = 4; lastKnownFileType = text; path = homeBusiness.geojson; sourceTree = "<group>"; };
		BAE5522C1E6EBD7900501C50 /* NSString+Extension.h */ = {isa = PBXFileReference; fileEncoding = 4; lastKnownFileType = sourcecode.c.h; path = "NSString+Extension.h"; sourceTree = "<group>"; };
		BAE5522D1E6EBD7900501C50 /* NSString+Extension.m */ = {isa = PBXFileReference; fileEncoding = 4; lastKnownFileType = sourcecode.c.objc; path = "NSString+Extension.m"; sourceTree = "<group>"; };
		E15D32A353E75DB8205E8678 /* Pods-WYNetWorkDemoUITests.debug.xcconfig */ = {isa = PBXFileReference; includeInIndex = 1; lastKnownFileType = text.xcconfig; name = "Pods-WYNetWorkDemoUITests.debug.xcconfig"; path = "Pods/Target Support Files/Pods-WYNetWorkDemoUITests/Pods-WYNetWorkDemoUITests.debug.xcconfig"; sourceTree = "<group>"; };
		F15065D31E3865A6BEB87125 /* Pods-WYNetWorkDemo.debug.xcconfig */ = {isa = PBXFileReference; includeInIndex = 1; lastKnownFileType = text.xcconfig; name = "Pods-WYNetWorkDemo.debug.xcconfig"; path = "Pods/Target Support Files/Pods-WYNetWorkDemo/Pods-WYNetWorkDemo.debug.xcconfig"; sourceTree = "<group>"; };
/* End PBXFileReference section */

/* Begin PBXFrameworksBuildPhase section */
		BAE0AFFB1E56C18E005969F7 /* Frameworks */ = {
			isa = PBXFrameworksBuildPhase;
			buildActionMask = 2147483647;
			files = (
				C3472D8A59DCF8CB2E3EB561 /* libPods-WYNetWorkDemo.a in Frameworks */,
			);
			runOnlyForDeploymentPostprocessing = 0;
		};
		BAE0B0141E56C18F005969F7 /* Frameworks */ = {
			isa = PBXFrameworksBuildPhase;
			buildActionMask = 2147483647;
			files = (
				46A7DA1EC139EED83C27BC43 /* libPods-WYNetWorkDemoTests.a in Frameworks */,
			);
			runOnlyForDeploymentPostprocessing = 0;
		};
		BAE0B01F1E56C18F005969F7 /* Frameworks */ = {
			isa = PBXFrameworksBuildPhase;
			buildActionMask = 2147483647;
			files = (
				6F350AACE61B5A376087E0DA /* libPods-WYNetWorkDemoUITests.a in Frameworks */,
			);
			runOnlyForDeploymentPostprocessing = 0;
		};
/* End PBXFrameworksBuildPhase section */

/* Begin PBXGroup section */
		5FC14FE1BA7E0B500FB2D4BB /* Frameworks */ = {
			isa = PBXGroup;
			children = (
				1D9DD6B3FA2E159497DEE832 /* libPods-WYNetWorkDemo.a */,
				9C3D425BDDBCC4F45D2065BE /* libPods-WYNetWorkDemoTests.a */,
				962FB279DA91E515F34FCE03 /* libPods-WYNetWorkDemoUITests.a */,
			);
			name = Frameworks;
			sourceTree = "<group>";
		};
		A38145C5BE73A31C3E952AAD /* Pods */ = {
			isa = PBXGroup;
			children = (
				F15065D31E3865A6BEB87125 /* Pods-WYNetWorkDemo.debug.xcconfig */,
				794CB3C3CA3DC837C873904F /* Pods-WYNetWorkDemo.release.xcconfig */,
				8D0D278C5C5ADF0F39F3F35B /* Pods-WYNetWorkDemoTests.debug.xcconfig */,
				450CFC8DB86873267E839F49 /* Pods-WYNetWorkDemoTests.release.xcconfig */,
				E15D32A353E75DB8205E8678 /* Pods-WYNetWorkDemoUITests.debug.xcconfig */,
				B0FCC3E8D40700E8DCEBACAB /* Pods-WYNetWorkDemoUITests.release.xcconfig */,
			);
			name = Pods;
			sourceTree = "<group>";
		};
		BA46F4CB1E5AE4040083EAAB /* requestTest */ = {
			isa = PBXGroup;
			children = (
				BA46F4CC1E5AE4950083EAAB /* WYTestRequest.h */,
				BA46F4CD1E5AE4950083EAAB /* WYTestRequest.m */,
			);
			name = requestTest;
			sourceTree = "<group>";
		};
		BA63B6911E67FBED00EBE4D5 /* MVVMtest */ = {
			isa = PBXGroup;
			children = (
				BAE552261E6EBD3200501C50 /* other */,
				BA63B6921E67FC6600EBE4D5 /* Model */,
				BA63B6951E67FC6600EBE4D5 /* ViewController */,
				BA63B69E1E67FC6600EBE4D5 /* ViewModel */,
				BAE552231E6EAF4600501C50 /* request */,
			);
			path = MVVMtest;
			sourceTree = "<group>";
		};
		BA63B6921E67FC6600EBE4D5 /* Model */ = {
			isa = PBXGroup;
			children = (
				BA63B6F11E68036000EBE4D5 /* WYPublicStatusModel.h */,
				BA63B6F21E68036000EBE4D5 /* WYPublicStatusModel.m */,
			);
			path = Model;
			sourceTree = "<group>";
		};
		BA63B6951E67FC6600EBE4D5 /* ViewController */ = {
			isa = PBXGroup;
			children = (
				BA63B69A1E67FC6600EBE4D5 /* WYPublicTableViewController.h */,
				BA63B69B1E67FC6600EBE4D5 /* WYPublicTableViewController.m */,
				BA63B6EB1E68020300EBE4D5 /* WYPublicStatusCell.h */,
				BA63B6EC1E68020300EBE4D5 /* WYPublicStatusCell.m */,
				BAE552201E6EAE0700501C50 /* WYPublicDetailViewController.h */,
				BAE552211E6EAE0700501C50 /* WYPublicDetailViewController.m */,
			);
			path = ViewController;
			sourceTree = "<group>";
		};
		BA63B69E1E67FC6600EBE4D5 /* ViewModel */ = {
			isa = PBXGroup;
			children = (
				BA63B6FC1E69145100EBE4D5 /* WYPublicWeiboViewModel.h */,
				BA63B6FD1E69145100EBE4D5 /* WYPublicWeiboViewModel.m */,
				BA63B6FF1E69160700EBE4D5 /* WYBaseViewModel.h */,
				BA63B7001E69160700EBE4D5 /* WYBaseViewModel.m */,
			);
			path = ViewModel;
			sourceTree = "<group>";
		};
		BAE0AFF51E56C18E005969F7 = {
			isa = PBXGroup;
			children = (
				BAE0B0341E56D167005969F7 /* WYNetWork */,
				BAE0B0001E56C18E005969F7 /* WYNetWorkDemo */,
				BAE0B01A1E56C18F005969F7 /* WYNetWorkDemoTests */,
				BAE0B0251E56C18F005969F7 /* WYNetWorkDemoUITests */,
				BAE0AFFF1E56C18E005969F7 /* Products */,
				A38145C5BE73A31C3E952AAD /* Pods */,
				5FC14FE1BA7E0B500FB2D4BB /* Frameworks */,
			);
			sourceTree = "<group>";
		};
		BAE0AFFF1E56C18E005969F7 /* Products */ = {
			isa = PBXGroup;
			children = (
				BAE0AFFE1E56C18E005969F7 /* WYNetWorkDemo.app */,
				BAE0B0171E56C18F005969F7 /* WYNetWorkDemoTests.xctest */,
				BAE0B0221E56C18F005969F7 /* WYNetWorkDemoUITests.xctest */,
			);
			name = Products;
			sourceTree = "<group>";
		};
		BAE0B0001E56C18E005969F7 /* WYNetWorkDemo */ = {
			isa = PBXGroup;
			children = (
				BA63B6911E67FBED00EBE4D5 /* MVVMtest */,
				BA46F4CB1E5AE4040083EAAB /* requestTest */,
				BAE0B0041E56C18E005969F7 /* AppDelegate.h */,
				BAE0B0051E56C18E005969F7 /* AppDelegate.m */,
				BAE0B0071E56C18E005969F7 /* WYViewController.h */,
				BAE0B0081E56C18E005969F7 /* WYViewController.m */,
				BAE0B00D1E56C18F005969F7 /* Assets.xcassets */,
				BAE0B00F1E56C18F005969F7 /* LaunchScreen.storyboard */,
				BAE0B0121E56C18F005969F7 /* Info.plist */,
				BAE0B0011E56C18E005969F7 /* Supporting Files */,
			);
			path = WYNetWorkDemo;
			sourceTree = "<group>";
		};
		BAE0B0011E56C18E005969F7 /* Supporting Files */ = {
			isa = PBXGroup;
			children = (
				BAE0B0021E56C18E005969F7 /* main.m */,
			);
			name = "Supporting Files";
			sourceTree = "<group>";
		};
		BAE0B01A1E56C18F005969F7 /* WYNetWorkDemoTests */ = {
			isa = PBXGroup;
			children = (
				BAE0B01B1E56C18F005969F7 /* WYNetWorkDemoTests.m */,
				BAE0B01D1E56C18F005969F7 /* Info.plist */,
			);
			path = WYNetWorkDemoTests;
			sourceTree = "<group>";
		};
		BAE0B0251E56C18F005969F7 /* WYNetWorkDemoUITests */ = {
			isa = PBXGroup;
			children = (
				BAE0B0261E56C18F005969F7 /* WYNetWorkDemoUITests.m */,
				BAE0B0281E56C18F005969F7 /* Info.plist */,
			);
			path = WYNetWorkDemoUITests;
			sourceTree = "<group>";
		};
		BAE0B0341E56D167005969F7 /* WYNetWork */ = {
			isa = PBXGroup;
			children = (
				BAE0B0391E56D167005969F7 /* WYNetwork.h */,
				BAE0B0351E56D167005969F7 /* WYBaseRequest.h */,
				BAE0B0361E56D167005969F7 /* WYBaseRequest.m */,
				BAE0B03C1E56D167005969F7 /* WYNetworkManager.h */,
				BAE0B03D1E56D167005969F7 /* WYNetworkManager.m */,
				BAE0B0371E56D167005969F7 /* WYHttpConnection.h */,
				BAE0B0381E56D167005969F7 /* WYHttpConnection.m */,
				BA46F4C81E5AE0430083EAAB /* WYDownLoadManager.h */,
				BA46F4C91E5AE0430083EAAB /* WYDownLoadManager.m */,
				BAE0B03A1E56D167005969F7 /* WYNetworkConfig.h */,
				BAE0B03B1E56D167005969F7 /* WYNetworkConfig.m */,
				BAE0B03E1E56D167005969F7 /* WYRequestHeadTool.h */,
				BAE0B03F1E56D167005969F7 /* WYRequestHeadTool.m */,
			);
			path = WYNetWork;
			sourceTree = "<group>";
		};
		BAE552231E6EAF4600501C50 /* request */ = {
			isa = PBXGroup;
			children = (
				BA63B6F71E68174900EBE4D5 /* WYPublicRequest.h */,
				BA63B6F81E68174900EBE4D5 /* WYPublicRequest.m */,
			);
			name = request;
			path = ..;
			sourceTree = "<group>";
		};
		BAE552261E6EBD3200501C50 /* other */ = {
			isa = PBXGroup;
			children = (
				BAE5522C1E6EBD7900501C50 /* NSString+Extension.h */,
				BAE5522D1E6EBD7900501C50 /* NSString+Extension.m */,
				BAE552271E6EBD3200501C50 /* Config.h */,
				BAE552281E6EBD3200501C50 /* hello.png */,
				BAE552291E6EBD3200501C50 /* homeBusiness.geojson */,
			);
			path = other;
			sourceTree = "<group>";
		};
/* End PBXGroup section */

/* Begin PBXNativeTarget section */
		BAE0AFFD1E56C18E005969F7 /* WYNetWorkDemo */ = {
			isa = PBXNativeTarget;
			buildConfigurationList = BAE0B02B1E56C18F005969F7 /* Build configuration list for PBXNativeTarget "WYNetWorkDemo" */;
			buildPhases = (
				B7E2A11EDE65EA6F287B5DAD /* [CP] Check Pods Manifest.lock */,
				BAE0AFFA1E56C18E005969F7 /* Sources */,
				BAE0AFFB1E56C18E005969F7 /* Frameworks */,
				BAE0AFFC1E56C18E005969F7 /* Resources */,
				534EDAF4F8BA2AF95B05B6D6 /* [CP] Embed Pods Frameworks */,
				AC9A7AC57478C9A72935DDA8 /* [CP] Copy Pods Resources */,
			);
			buildRules = (
			);
			dependencies = (
			);
			name = WYNetWorkDemo;
			productName = WYNetWorkDemo;
			productReference = BAE0AFFE1E56C18E005969F7 /* WYNetWorkDemo.app */;
			productType = "com.apple.product-type.application";
		};
		BAE0B0161E56C18F005969F7 /* WYNetWorkDemoTests */ = {
			isa = PBXNativeTarget;
			buildConfigurationList = BAE0B02E1E56C18F005969F7 /* Build configuration list for PBXNativeTarget "WYNetWorkDemoTests" */;
			buildPhases = (
				FAC659306FEF514845D73A7F /* [CP] Check Pods Manifest.lock */,
				BAE0B0131E56C18F005969F7 /* Sources */,
				BAE0B0141E56C18F005969F7 /* Frameworks */,
				BAE0B0151E56C18F005969F7 /* Resources */,
				EC60B835CE9FECC136507E6B /* [CP] Embed Pods Frameworks */,
				486D879BC1760B5CD3284475 /* [CP] Copy Pods Resources */,
			);
			buildRules = (
			);
			dependencies = (
				BAE0B0191E56C18F005969F7 /* PBXTargetDependency */,
			);
			name = WYNetWorkDemoTests;
			productName = WYNetWorkDemoTests;
			productReference = BAE0B0171E56C18F005969F7 /* WYNetWorkDemoTests.xctest */;
			productType = "com.apple.product-type.bundle.unit-test";
		};
		BAE0B0211E56C18F005969F7 /* WYNetWorkDemoUITests */ = {
			isa = PBXNativeTarget;
			buildConfigurationList = BAE0B0311E56C18F005969F7 /* Build configuration list for PBXNativeTarget "WYNetWorkDemoUITests" */;
			buildPhases = (
				D2649ADAEFD9E41C28A03C3E /* [CP] Check Pods Manifest.lock */,
				BAE0B01E1E56C18F005969F7 /* Sources */,
				BAE0B01F1E56C18F005969F7 /* Frameworks */,
				BAE0B0201E56C18F005969F7 /* Resources */,
				D7B70E46A9F7C09F5FEC9C1D /* [CP] Embed Pods Frameworks */,
				969E6BAE9B4F10E4548444B5 /* [CP] Copy Pods Resources */,
			);
			buildRules = (
			);
			dependencies = (
				BAE0B0241E56C18F005969F7 /* PBXTargetDependency */,
			);
			name = WYNetWorkDemoUITests;
			productName = WYNetWorkDemoUITests;
			productReference = BAE0B0221E56C18F005969F7 /* WYNetWorkDemoUITests.xctest */;
			productType = "com.apple.product-type.bundle.ui-testing";
		};
/* End PBXNativeTarget section */

/* Begin PBXProject section */
		BAE0AFF61E56C18E005969F7 /* Project object */ = {
			isa = PBXProject;
			attributes = {
				LastUpgradeCheck = 0820;
				ORGANIZATIONNAME = yoowei;
				TargetAttributes = {
					BAE0AFFD1E56C18E005969F7 = {
						CreatedOnToolsVersion = 8.2.1;
						DevelopmentTeam = 5K24NT5QZL;
						ProvisioningStyle = Automatic;
					};
					BAE0B0161E56C18F005969F7 = {
						CreatedOnToolsVersion = 8.2.1;
						DevelopmentTeam = 5K24NT5QZL;
						ProvisioningStyle = Automatic;
						TestTargetID = BAE0AFFD1E56C18E005969F7;
					};
					BAE0B0211E56C18F005969F7 = {
						CreatedOnToolsVersion = 8.2.1;
						DevelopmentTeam = 5K24NT5QZL;
						ProvisioningStyle = Automatic;
						TestTargetID = BAE0AFFD1E56C18E005969F7;
					};
				};
			};
			buildConfigurationList = BAE0AFF91E56C18E005969F7 /* Build configuration list for PBXProject "WYNetWorkDemo" */;
			compatibilityVersion = "Xcode 3.2";
			developmentRegion = English;
			hasScannedForEncodings = 0;
			knownRegions = (
				en,
				Base,
			);
			mainGroup = BAE0AFF51E56C18E005969F7;
			productRefGroup = BAE0AFFF1E56C18E005969F7 /* Products */;
			projectDirPath = "";
			projectRoot = "";
			targets = (
				BAE0AFFD1E56C18E005969F7 /* WYNetWorkDemo */,
				BAE0B0161E56C18F005969F7 /* WYNetWorkDemoTests */,
				BAE0B0211E56C18F005969F7 /* WYNetWorkDemoUITests */,
			);
		};
/* End PBXProject section */

/* Begin PBXResourcesBuildPhase section */
		BAE0AFFC1E56C18E005969F7 /* Resources */ = {
			isa = PBXResourcesBuildPhase;
			buildActionMask = 2147483647;
			files = (
				BAE5522A1E6EBD3200501C50 /* hello.png in Resources */,
				BAE0B0111E56C18F005969F7 /* LaunchScreen.storyboard in Resources */,
				BAE5522B1E6EBD3200501C50 /* homeBusiness.geojson in Resources */,
				BAE0B00E1E56C18F005969F7 /* Assets.xcassets in Resources */,
			);
			runOnlyForDeploymentPostprocessing = 0;
		};
		BAE0B0151E56C18F005969F7 /* Resources */ = {
			isa = PBXResourcesBuildPhase;
			buildActionMask = 2147483647;
			files = (
			);
			runOnlyForDeploymentPostprocessing = 0;
		};
		BAE0B0201E56C18F005969F7 /* Resources */ = {
			isa = PBXResourcesBuildPhase;
			buildActionMask = 2147483647;
			files = (
			);
			runOnlyForDeploymentPostprocessing = 0;
		};
/* End PBXResourcesBuildPhase section */

/* Begin PBXShellScriptBuildPhase section */
		486D879BC1760B5CD3284475 /* [CP] Copy Pods Resources */ = {
			isa = PBXShellScriptBuildPhase;
			buildActionMask = 2147483647;
			files = (
			);
			inputPaths = (
			);
			name = "[CP] Copy Pods Resources";
			outputPaths = (
			);
			runOnlyForDeploymentPostprocessing = 0;
			shellPath = /bin/sh;
			shellScript = "\"${SRCROOT}/Pods/Target Support Files/Pods-WYNetWorkDemoTests/Pods-WYNetWorkDemoTests-resources.sh\"\n";
			showEnvVarsInLog = 0;
		};
		534EDAF4F8BA2AF95B05B6D6 /* [CP] Embed Pods Frameworks */ = {
			isa = PBXShellScriptBuildPhase;
			buildActionMask = 2147483647;
			files = (
			);
			inputPaths = (
			);
			name = "[CP] Embed Pods Frameworks";
			outputPaths = (
			);
			runOnlyForDeploymentPostprocessing = 0;
			shellPath = /bin/sh;
			shellScript = "\"${SRCROOT}/Pods/Target Support Files/Pods-WYNetWorkDemo/Pods-WYNetWorkDemo-frameworks.sh\"\n";
			showEnvVarsInLog = 0;
		};
		969E6BAE9B4F10E4548444B5 /* [CP] Copy Pods Resources */ = {
			isa = PBXShellScriptBuildPhase;
			buildActionMask = 2147483647;
			files = (
			);
			inputPaths = (
			);
			name = "[CP] Copy Pods Resources";
			outputPaths = (
			);
			runOnlyForDeploymentPostprocessing = 0;
			shellPath = /bin/sh;
			shellScript = "\"${SRCROOT}/Pods/Target Support Files/Pods-WYNetWorkDemoUITests/Pods-WYNetWorkDemoUITests-resources.sh\"\n";
			showEnvVarsInLog = 0;
		};
		AC9A7AC57478C9A72935DDA8 /* [CP] Copy Pods Resources */ = {
			isa = PBXShellScriptBuildPhase;
			buildActionMask = 2147483647;
			files = (
			);
			inputPaths = (
			);
			name = "[CP] Copy Pods Resources";
			outputPaths = (
			);
			runOnlyForDeploymentPostprocessing = 0;
			shellPath = /bin/sh;
			shellScript = "\"${SRCROOT}/Pods/Target Support Files/Pods-WYNetWorkDemo/Pods-WYNetWorkDemo-resources.sh\"\n";
			showEnvVarsInLog = 0;
		};
		B7E2A11EDE65EA6F287B5DAD /* [CP] Check Pods Manifest.lock */ = {
			isa = PBXShellScriptBuildPhase;
			buildActionMask = 2147483647;
			files = (
			);
			inputPaths = (
			);
			name = "[CP] Check Pods Manifest.lock";
			outputPaths = (
			);
			runOnlyForDeploymentPostprocessing = 0;
			shellPath = /bin/sh;
			shellScript = "diff \"${PODS_ROOT}/../Podfile.lock\" \"${PODS_ROOT}/Manifest.lock\" > /dev/null\nif [ $? != 0 ] ; then\n    # print error to STDERR\n    echo \"error: The sandbox is not in sync with the Podfile.lock. Run 'pod install' or update your CocoaPods installation.\" >&2\n    exit 1\nfi\n";
			showEnvVarsInLog = 0;
		};
		D2649ADAEFD9E41C28A03C3E /* [CP] Check Pods Manifest.lock */ = {
			isa = PBXShellScriptBuildPhase;
			buildActionMask = 2147483647;
			files = (
			);
			inputPaths = (
			);
			name = "[CP] Check Pods Manifest.lock";
			outputPaths = (
			);
			runOnlyForDeploymentPostprocessing = 0;
			shellPath = /bin/sh;
			shellScript = "diff \"${PODS_ROOT}/../Podfile.lock\" \"${PODS_ROOT}/Manifest.lock\" > /dev/null\nif [ $? != 0 ] ; then\n    # print error to STDERR\n    echo \"error: The sandbox is not in sync with the Podfile.lock. Run 'pod install' or update your CocoaPods installation.\" >&2\n    exit 1\nfi\n";
			showEnvVarsInLog = 0;
		};
		D7B70E46A9F7C09F5FEC9C1D /* [CP] Embed Pods Frameworks */ = {
			isa = PBXShellScriptBuildPhase;
			buildActionMask = 2147483647;
			files = (
			);
			inputPaths = (
			);
			name = "[CP] Embed Pods Frameworks";
			outputPaths = (
			);
			runOnlyForDeploymentPostprocessing = 0;
			shellPath = /bin/sh;
			shellScript = "\"${SRCROOT}/Pods/Target Support Files/Pods-WYNetWorkDemoUITests/Pods-WYNetWorkDemoUITests-frameworks.sh\"\n";
			showEnvVarsInLog = 0;
		};
		EC60B835CE9FECC136507E6B /* [CP] Embed Pods Frameworks */ = {
			isa = PBXShellScriptBuildPhase;
			buildActionMask = 2147483647;
			files = (
			);
			inputPaths = (
			);
			name = "[CP] Embed Pods Frameworks";
			outputPaths = (
			);
			runOnlyForDeploymentPostprocessing = 0;
			shellPath = /bin/sh;
			shellScript = "\"${SRCROOT}/Pods/Target Support Files/Pods-WYNetWorkDemoTests/Pods-WYNetWorkDemoTests-frameworks.sh\"\n";
			showEnvVarsInLog = 0;
		};
		FAC659306FEF514845D73A7F /* [CP] Check Pods Manifest.lock */ = {
			isa = PBXShellScriptBuildPhase;
			buildActionMask = 2147483647;
			files = (
			);
			inputPaths = (
			);
			name = "[CP] Check Pods Manifest.lock";
			outputPaths = (
			);
			runOnlyForDeploymentPostprocessing = 0;
			shellPath = /bin/sh;
			shellScript = "diff \"${PODS_ROOT}/../Podfile.lock\" \"${PODS_ROOT}/Manifest.lock\" > /dev/null\nif [ $? != 0 ] ; then\n    # print error to STDERR\n    echo \"error: The sandbox is not in sync with the Podfile.lock. Run 'pod install' or update your CocoaPods installation.\" >&2\n    exit 1\nfi\n";
			showEnvVarsInLog = 0;
		};
/* End PBXShellScriptBuildPhase section */

/* Begin PBXSourcesBuildPhase section */
		BAE0AFFA1E56C18E005969F7 /* Sources */ = {
			isa = PBXSourcesBuildPhase;
			buildActionMask = 2147483647;
			files = (
				BA63B6ED1E68020300EBE4D5 /* WYPublicStatusCell.m in Sources */,
				BAE0B0091E56C18E005969F7 /* WYViewController.m in Sources */,
				BAE552221E6EAE0700501C50 /* WYPublicDetailViewController.m in Sources */,
				BAE0B0061E56C18E005969F7 /* AppDelegate.m in Sources */,
				BA63B6F31E68036000EBE4D5 /* WYPublicStatusModel.m in Sources */,
				BAE5522E1E6EBD7900501C50 /* NSString+Extension.m in Sources */,
				BA63B6F91E68174900EBE4D5 /* WYPublicRequest.m in Sources */,
				BA63B6FE1E69145100EBE4D5 /* WYPublicWeiboViewModel.m in Sources */,
				BAE0B0401E56D167005969F7 /* WYBaseRequest.m in Sources */,
				BA46F4CE1E5AE4950083EAAB /* WYTestRequest.m in Sources */,
				BAE0B0031E56C18E005969F7 /* main.m in Sources */,
				BA63B6A61E67FC6600EBE4D5 /* WYPublicTableViewController.m in Sources */,
				BAE0B0431E56D167005969F7 /* WYNetworkManager.m in Sources */,
				BAE0B0421E56D167005969F7 /* WYNetworkConfig.m in Sources */,
				BA63B7011E69160700EBE4D5 /* WYBaseViewModel.m in Sources */,
				BAE0B0411E56D167005969F7 /* WYHttpConnection.m in Sources */,
				BA46F4CA1E5AE0430083EAAB /* WYDownLoadManager.m in Sources */,
				BAE0B0441E56D167005969F7 /* WYRequestHeadTool.m in Sources */,
			);
			runOnlyForDeploymentPostprocessing = 0;
		};
		BAE0B0131E56C18F005969F7 /* Sources */ = {
			isa = PBXSourcesBuildPhase;
			buildActionMask = 2147483647;
			files = (
				BAE0B01C1E56C18F005969F7 /* WYNetWorkDemoTests.m in Sources */,
			);
			runOnlyForDeploymentPostprocessing = 0;
		};
		BAE0B01E1E56C18F005969F7 /* Sources */ = {
			isa = PBXSourcesBuildPhase;
			buildActionMask = 2147483647;
			files = (
				BAE0B0271E56C18F005969F7 /* WYNetWorkDemoUITests.m in Sources */,
			);
			runOnlyForDeploymentPostprocessing = 0;
		};
/* End PBXSourcesBuildPhase section */

/* Begin PBXTargetDependency section */
		BAE0B0191E56C18F005969F7 /* PBXTargetDependency */ = {
			isa = PBXTargetDependency;
			target = BAE0AFFD1E56C18E005969F7 /* WYNetWorkDemo */;
			targetProxy = BAE0B0181E56C18F005969F7 /* PBXContainerItemProxy */;
		};
		BAE0B0241E56C18F005969F7 /* PBXTargetDependency */ = {
			isa = PBXTargetDependency;
			target = BAE0AFFD1E56C18E005969F7 /* WYNetWorkDemo */;
			targetProxy = BAE0B0231E56C18F005969F7 /* PBXContainerItemProxy */;
		};
/* End PBXTargetDependency section */

/* Begin PBXVariantGroup section */
		BAE0B00F1E56C18F005969F7 /* LaunchScreen.storyboard */ = {
			isa = PBXVariantGroup;
			children = (
				BAE0B0101E56C18F005969F7 /* Base */,
			);
			name = LaunchScreen.storyboard;
			sourceTree = "<group>";
		};
/* End PBXVariantGroup section */

/* Begin XCBuildConfiguration section */
		BAE0B0291E56C18F005969F7 /* Debug */ = {
			isa = XCBuildConfiguration;
			buildSettings = {
				ALWAYS_SEARCH_USER_PATHS = NO;
				CLANG_ANALYZER_NONNULL = YES;
				CLANG_CXX_LANGUAGE_STANDARD = "gnu++0x";
				CLANG_CXX_LIBRARY = "libc++";
				CLANG_ENABLE_MODULES = YES;
				CLANG_ENABLE_OBJC_ARC = YES;
				CLANG_WARN_BOOL_CONVERSION = YES;
				CLANG_WARN_CONSTANT_CONVERSION = YES;
				CLANG_WARN_DIRECT_OBJC_ISA_USAGE = YES_ERROR;
				CLANG_WARN_DOCUMENTATION_COMMENTS = YES;
				CLANG_WARN_EMPTY_BODY = YES;
				CLANG_WARN_ENUM_CONVERSION = YES;
				CLANG_WARN_INFINITE_RECURSION = YES;
				CLANG_WARN_INT_CONVERSION = YES;
				CLANG_WARN_OBJC_ROOT_CLASS = YES_ERROR;
				CLANG_WARN_SUSPICIOUS_MOVE = YES;
				CLANG_WARN_UNREACHABLE_CODE = YES;
				CLANG_WARN__DUPLICATE_METHOD_MATCH = YES;
				"CODE_SIGN_IDENTITY[sdk=iphoneos*]" = "iPhone Developer";
				COPY_PHASE_STRIP = NO;
				DEBUG_INFORMATION_FORMAT = dwarf;
				ENABLE_STRICT_OBJC_MSGSEND = YES;
				ENABLE_TESTABILITY = YES;
				GCC_C_LANGUAGE_STANDARD = gnu99;
				GCC_DYNAMIC_NO_PIC = NO;
				GCC_NO_COMMON_BLOCKS = YES;
				GCC_OPTIMIZATION_LEVEL = 0;
				GCC_PREPROCESSOR_DEFINITIONS = (
					"DEBUG=1",
					"$(inherited)",
				);
				GCC_WARN_64_TO_32_BIT_CONVERSION = YES;
				GCC_WARN_ABOUT_RETURN_TYPE = YES_ERROR;
				GCC_WARN_UNDECLARED_SELECTOR = YES;
				GCC_WARN_UNINITIALIZED_AUTOS = YES_AGGRESSIVE;
				GCC_WARN_UNUSED_FUNCTION = YES;
				GCC_WARN_UNUSED_VARIABLE = YES;
				IPHONEOS_DEPLOYMENT_TARGET = 10.2;
				MTL_ENABLE_DEBUG_INFO = YES;
				ONLY_ACTIVE_ARCH = YES;
				SDKROOT = iphoneos;
				TARGETED_DEVICE_FAMILY = "1,2";
			};
			name = Debug;
		};
		BAE0B02A1E56C18F005969F7 /* Release */ = {
			isa = XCBuildConfiguration;
			buildSettings = {
				ALWAYS_SEARCH_USER_PATHS = NO;
				CLANG_ANALYZER_NONNULL = YES;
				CLANG_CXX_LANGUAGE_STANDARD = "gnu++0x";
				CLANG_CXX_LIBRARY = "libc++";
				CLANG_ENABLE_MODULES = YES;
				CLANG_ENABLE_OBJC_ARC = YES;
				CLANG_WARN_BOOL_CONVERSION = YES;
				CLANG_WARN_CONSTANT_CONVERSION = YES;
				CLANG_WARN_DIRECT_OBJC_ISA_USAGE = YES_ERROR;
				CLANG_WARN_DOCUMENTATION_COMMENTS = YES;
				CLANG_WARN_EMPTY_BODY = YES;
				CLANG_WARN_ENUM_CONVERSION = YES;
				CLANG_WARN_INFINITE_RECURSION = YES;
				CLANG_WARN_INT_CONVERSION = YES;
				CLANG_WARN_OBJC_ROOT_CLASS = YES_ERROR;
				CLANG_WARN_SUSPICIOUS_MOVE = YES;
				CLANG_WARN_UNREACHABLE_CODE = YES;
				CLANG_WARN__DUPLICATE_METHOD_MATCH = YES;
				"CODE_SIGN_IDENTITY[sdk=iphoneos*]" = "iPhone Developer";
				COPY_PHASE_STRIP = NO;
				DEBUG_INFORMATION_FORMAT = "dwarf-with-dsym";
				ENABLE_NS_ASSERTIONS = NO;
				ENABLE_STRICT_OBJC_MSGSEND = YES;
				GCC_C_LANGUAGE_STANDARD = gnu99;
				GCC_NO_COMMON_BLOCKS = YES;
				GCC_WARN_64_TO_32_BIT_CONVERSION = YES;
				GCC_WARN_ABOUT_RETURN_TYPE = YES_ERROR;
				GCC_WARN_UNDECLARED_SELECTOR = YES;
				GCC_WARN_UNINITIALIZED_AUTOS = YES_AGGRESSIVE;
				GCC_WARN_UNUSED_FUNCTION = YES;
				GCC_WARN_UNUSED_VARIABLE = YES;
				IPHONEOS_DEPLOYMENT_TARGET = 10.2;
				MTL_ENABLE_DEBUG_INFO = NO;
				SDKROOT = iphoneos;
				TARGETED_DEVICE_FAMILY = "1,2";
				VALIDATE_PRODUCT = YES;
			};
			name = Release;
		};
		BAE0B02C1E56C18F005969F7 /* Debug */ = {
			isa = XCBuildConfiguration;
			baseConfigurationReference = F15065D31E3865A6BEB87125 /* Pods-WYNetWorkDemo.debug.xcconfig */;
			buildSettings = {
				ASSETCATALOG_COMPILER_APPICON_NAME = AppIcon;
				DEVELOPMENT_TEAM = 5K24NT5QZL;
				INFOPLIST_FILE = WYNetWorkDemo/Info.plist;
				IPHONEOS_DEPLOYMENT_TARGET = 8.0;
				LD_RUNPATH_SEARCH_PATHS = "$(inherited) @executable_path/Frameworks";
				PRODUCT_BUNDLE_IDENTIFIER = yoowei.yooweiDemo;
				PRODUCT_NAME = "$(TARGET_NAME)";
			};
			name = Debug;
		};
		BAE0B02D1E56C18F005969F7 /* Release */ = {
			isa = XCBuildConfiguration;
			baseConfigurationReference = 794CB3C3CA3DC837C873904F /* Pods-WYNetWorkDemo.release.xcconfig */;
			buildSettings = {
				ASSETCATALOG_COMPILER_APPICON_NAME = AppIcon;
				DEVELOPMENT_TEAM = 5K24NT5QZL;
				INFOPLIST_FILE = WYNetWorkDemo/Info.plist;
				IPHONEOS_DEPLOYMENT_TARGET = 8.0;
				LD_RUNPATH_SEARCH_PATHS = "$(inherited) @executable_path/Frameworks";
				PRODUCT_BUNDLE_IDENTIFIER = yoowei.yooweiDemo;
				PRODUCT_NAME = "$(TARGET_NAME)";
			};
			name = Release;
		};
		BAE0B02F1E56C18F005969F7 /* Debug */ = {
			isa = XCBuildConfiguration;
			baseConfigurationReference = 8D0D278C5C5ADF0F39F3F35B /* Pods-WYNetWorkDemoTests.debug.xcconfig */;
			buildSettings = {
				BUNDLE_LOADER = "$(TEST_HOST)";
				DEVELOPMENT_TEAM = 5K24NT5QZL;
				INFOPLIST_FILE = WYNetWorkDemoTests/Info.plist;
				LD_RUNPATH_SEARCH_PATHS = "$(inherited) @executable_path/Frameworks @loader_path/Frameworks";
				PRODUCT_BUNDLE_IDENTIFIER = yoowei.WYNetWorkDemoTests;
				PRODUCT_NAME = "$(TARGET_NAME)";
				TEST_HOST = "$(BUILT_PRODUCTS_DIR)/WYNetWorkDemo.app/WYNetWorkDemo";
			};
			name = Debug;
		};
		BAE0B0301E56C18F005969F7 /* Release */ = {
			isa = XCBuildConfiguration;
			baseConfigurationReference = 450CFC8DB86873267E839F49 /* Pods-WYNetWorkDemoTests.release.xcconfig */;
			buildSettings = {
				BUNDLE_LOADER = "$(TEST_HOST)";
				DEVELOPMENT_TEAM = 5K24NT5QZL;
				INFOPLIST_FILE = WYNetWorkDemoTests/Info.plist;
				LD_RUNPATH_SEARCH_PATHS = "$(inherited) @executable_path/Frameworks @loader_path/Frameworks";
				PRODUCT_BUNDLE_IDENTIFIER = yoowei.WYNetWorkDemoTests;
				PRODUCT_NAME = "$(TARGET_NAME)";
				TEST_HOST = "$(BUILT_PRODUCTS_DIR)/WYNetWorkDemo.app/WYNetWorkDemo";
			};
			name = Release;
		};
		BAE0B0321E56C18F005969F7 /* Debug */ = {
			isa = XCBuildConfiguration;
			baseConfigurationReference = E15D32A353E75DB8205E8678 /* Pods-WYNetWorkDemoUITests.debug.xcconfig */;
			buildSettings = {
				DEVELOPMENT_TEAM = 5K24NT5QZL;
				INFOPLIST_FILE = WYNetWorkDemoUITests/Info.plist;
				LD_RUNPATH_SEARCH_PATHS = "$(inherited) @executable_path/Frameworks @loader_path/Frameworks";
				PRODUCT_BUNDLE_IDENTIFIER = yoowei.WYNetWorkDemoUITests;
				PRODUCT_NAME = "$(TARGET_NAME)";
				TEST_TARGET_NAME = WYNetWorkDemo;
			};
			name = Debug;
		};
		BAE0B0331E56C18F005969F7 /* Release */ = {
			isa = XCBuildConfiguration;
			baseConfigurationReference = B0FCC3E8D40700E8DCEBACAB /* Pods-WYNetWorkDemoUITests.release.xcconfig */;
			buildSettings = {
				DEVELOPMENT_TEAM = 5K24NT5QZL;
				INFOPLIST_FILE = WYNetWorkDemoUITests/Info.plist;
				LD_RUNPATH_SEARCH_PATHS = "$(inherited) @executable_path/Frameworks @loader_path/Frameworks";
				PRODUCT_BUNDLE_IDENTIFIER = yoowei.WYNetWorkDemoUITests;
				PRODUCT_NAME = "$(TARGET_NAME)";
				TEST_TARGET_NAME = WYNetWorkDemo;
			};
			name = Release;
		};
/* End XCBuildConfiguration section */

/* Begin XCConfigurationList section */
		BAE0AFF91E56C18E005969F7 /* Build configuration list for PBXProject "WYNetWorkDemo" */ = {
			isa = XCConfigurationList;
			buildConfigurations = (
				BAE0B0291E56C18F005969F7 /* Debug */,
				BAE0B02A1E56C18F005969F7 /* Release */,
			);
			defaultConfigurationIsVisible = 0;
			defaultConfigurationName = Release;
		};
		BAE0B02B1E56C18F005969F7 /* Build configuration list for PBXNativeTarget "WYNetWorkDemo" */ = {
			isa = XCConfigurationList;
			buildConfigurations = (
				BAE0B02C1E56C18F005969F7 /* Debug */,
				BAE0B02D1E56C18F005969F7 /* Release */,
			);
			defaultConfigurationIsVisible = 0;
			defaultConfigurationName = Release;
		};
		BAE0B02E1E56C18F005969F7 /* Build configuration list for PBXNativeTarget "WYNetWorkDemoTests" */ = {
			isa = XCConfigurationList;
			buildConfigurations = (
				BAE0B02F1E56C18F005969F7 /* Debug */,
				BAE0B0301E56C18F005969F7 /* Release */,
			);
			defaultConfigurationIsVisible = 0;
			defaultConfigurationName = Release;
		};
		BAE0B0311E56C18F005969F7 /* Build configuration list for PBXNativeTarget "WYNetWorkDemoUITests" */ = {
			isa = XCConfigurationList;
			buildConfigurations = (
				BAE0B0321E56C18F005969F7 /* Debug */,
				BAE0B0331E56C18F005969F7 /* Release */,
			);
			defaultConfigurationIsVisible = 0;
			defaultConfigurationName = Release;
		};
/* End XCConfigurationList section */
	};
	rootObject = BAE0AFF61E56C18E005969F7 /* Project object */;
}
